
Microsoft Visual Studio Solution File, Format Version 12.00
# Visual Studio Version 17
VisualStudioVersion = 17.8.34511.84
MinimumVisualStudioVersion = 10.0.40219.1
Project("{FAE04EC0-301F-11D3-BF4B-00C04F79EFBC}") = "Jump-Statements", "Jump-Statements\Jump-Statements.csproj", "{6CC282B0-1305-401E-8C76-9435B65BD430}"
EndProject
Global
	GlobalSection(SolutionConfigurationPlatforms) = preSolution
		Debug|Any CPU = Debug|Any CPU
		Release|Any CPU = Release|Any CPU
	EndGlobalSection
	GlobalSection(ProjectConfigurationPlatforms) = postSolution
		{6CC282B0-1305-401E-8C76-9435B65BD430}.Debug|Any CPU.ActiveCfg = Debug|Any CPU
		{6CC282B0-1305-401E-8C76-9435B65BD430}.Debug|Any CPU.Build.0 = Debug|Any CPU
		{6CC282B0-1305-401E-8C76-9435B65BD430}.Release|Any CPU.ActiveCfg = Release|Any CPU
		{6CC282B0-1305-401E-8C76-9435B65BD430}.Release|Any CPU.Build.0 = Release|Any CPU
	EndGlobalSection
	GlobalSection(SolutionProperties) = preSolution
		HideSolutionNode = FALSE
	EndGlobalSection
	GlobalSection(ExtensibilityGlobals) = postSolution
		SolutionGuid = {D280A852-A240-40A2-BB1B-18048A0E5E51}
	EndGlobalSection
EndGlobal
